
Microsoft Visual Studio Solution File, Format Version 12.00
# Visual Studio Version 16
VisualStudioVersion = 16.0.28803.452
MinimumVisualStudioVersion = 10.0.40219.1
Project("{FAE04EC0-301F-11D3-BF4B-00C04F79EFBC}") = "Esther", "Esther.csproj", "{B835CF3F-7F27-4C87-8605-067E84F387B5}"
EndProject
Global
	GlobalSection(SolutionConfigurationPlatforms) = preSolution
		Debug|Any CPU = Debug|Any CPU
		Release|Any CPU = Release|Any CPU
	EndGlobalSection
	GlobalSection(ProjectConfigurationPlatforms) = postSolution
		{B835CF3F-7F27-4C87-8605-067E84F387B5}.Debug|Any CPU.ActiveCfg = Debug|Any CPU
		{B835CF3F-7F27-4C87-8605-067E84F387B5}.Debug|Any CPU.Build.0 = Debug|Any CPU
		{B835CF3F-7F27-4C87-8605-067E84F387B5}.Release|Any CPU.ActiveCfg = Release|Any CPU
		{B835CF3F-7F27-4C87-8605-067E84F387B5}.Release|Any CPU.Build.0 = Release|Any CPU
	EndGlobalSection
	GlobalSection(SolutionProperties) = preSolution
		HideSolutionNode = FALSE
	EndGlobalSection
	GlobalSection(ExtensibilityGlobals) = postSolution
		SolutionGuid = {3B7B32DE-3CC3-41E0-82A1-166F03C4B22E}
	EndGlobalSection
EndGlobal
